
Microsoft Visual Studio Solution File, Format Version 12.00
# Visual Studio Version 17
VisualStudioVersion = 17.14.37614.0 d17.14
MinimumVisualStudioVersion = 10.0.40219.1
Project("{FAE04EC0-301F-11D3-BF4B-00C04F79EFBC}") = "UsersService", "UsersService\UsersService.csproj", "{6FE3F3F7-B35C-4204-90EB-BC9BEE6D5E43}"
EndProject
Project("{FAE04EC0-301F-11D3-BF4B-00C04F79EFBC}") = "OrdersService", "OrdersService\OrdersService.csproj", "{CA8D5759-CA0C-4127-AFD2-C530C20BFB5A}"
EndProject
Global
	GlobalSection(SolutionConfigurationPlatforms) = preSolution
		Debug|Any CPU = Debug|Any CPU
		Release|Any CPU = Release|Any CPU
	EndGlobalSection
	GlobalSection(ProjectConfigurationPlatforms) = postSolution
		{6FE3F3F7-B35C-4204-90EB-BC9BEE6D5E43}.Debug|Any CPU.ActiveCfg = Debug|Any CPU
		{6FE3F3F7-B35C-4204-90EB-BC9BEE6D5E43}.Debug|Any CPU.Build.0 = Debug|Any CPU
		{6FE3F3F7-B35C-4204-90EB-BC9BEE6D5E43}.Release|Any CPU.ActiveCfg = Release|Any CPU
		{6FE3F3F7-B35C-4204-90EB-BC9BEE6D5E43}.Release|Any CPU.Build.0 = Release|Any CPU
		{CA8D5759-CA0C-4127-AFD2-C530C20BFB5A}.Debug|Any CPU.ActiveCfg = Debug|Any CPU
		{CA8D5759-CA0C-4127-AFD2-C530C20BFB5A}.Debug|Any CPU.Build.0 = Debug|Any CPU
		{CA8D5759-CA0C-4127-AFD2-C530C20BFB5A}.Release|Any CPU.ActiveCfg = Release|Any CPU
		{CA8D5759-CA0C-4127-AFD2-C530C20BFB5A}.Release|Any CPU.Build.0 = Release|Any CPU
	EndGlobalSection
	GlobalSection(SolutionProperties) = preSolution
		HideSolutionNode = FALSE
	EndGlobalSection
	GlobalSection(ExtensibilityGlobals) = postSolution
		SolutionGuid = {49D7FC53-515D-4B58-923D-EDD41331EE05}
	EndGlobalSection
EndGlobal
